{
  "name": "npm-dedupe-peer-deps",
  "lockfileVersion": 2,
  "requires": true,
  "packages": {
    "": {
      "name": "npm-dedupe-peer-deps",
      "workspaces": [
        "./apps/*"
      ],
      "engines": {
        "npm": ">=8.11.0"
      }
    },
    "apps/main-app": {
      "dependencies": {
        "graphql": "15.0.0",
        "package-a": "file:../package-a",
        "package-b": "file:../package-b"
      }
    },
    "apps/package-a": {
      "dependencies": {
        "@graphql-tools/schema": "8.3.8",
        "@graphql-tools/stitch": "8.6.12",
        "graphql": "16.5.0"
      }
    },
    "apps/package-a/node_modules/graphql": {
      "version": "16.5.0",
      "resolved": "https://registry.npmjs.org/graphql/-/graphql-16.5.0.tgz",
      "integrity": "sha512-qbHgh8Ix+j/qY+a/ZcJnFQ+j8ezakqPiHwPiZhV/3PgGlgf96QMBB5/f2rkiC9sgLoy/xvT6TSiaf2nTHJh5iA==",
      "engines": {
        "node": "^12.22.0 || ^14.16.0 || ^16.0.0 || >=17.0.0"
      }
    },
    "apps/package-b": {
      "dependencies": {
        "graphql": "15.0.0"
      }
    },
    "node_modules/@graphql-tools/batch-delegate": {
      "version": "8.2.19",
      "resolved": "https://registry.npmjs.org/@graphql-tools/batch-delegate/-/batch-delegate-8.2.19.tgz",
      "integrity": "sha512-4SgVQSMNtV2RVaA+5tpc+khTC4JX9ZRBRGv8pjihW7KsoU7u7LqZyuJLiLW6mCOZjUvZFVtdOoMDgGmepm6VlA==",
      "dependencies": {
        "@graphql-tools/delegate": "8.7.10",
        "@graphql-tools/utils": "8.6.12",
        "dataloader": "2.1.0",
        "tslib": "~2.4.0"
      },
      "peerDependencies": {
        "graphql": "^14.0.0 || ^15.0.0 || ^16.0.0 || ^17.0.0"
      }
    },
    "node_modules/@graphql-tools/batch-delegate/node_modules/@graphql-tools/utils": {
      "version": "8.6.12",
      "resolved": "https://registry.npmjs.org/@graphql-tools/utils/-/utils-8.6.12.tgz",
      "integrity": "sha512-WQ91O40RC+UJgZ9K+IzevSf8oolR1QE+WQ21Oyc2fgDYYiqT0eSf+HVyhZr/8x9rVjn3N9HeqCsywbdmbljg0w==",
      "dependencies": {
        "tslib": "~2.4.0"
      },
      "peerDependencies": {
        "graphql": "^14.0.0 || ^15.0.0 || ^16.0.0 || ^17.0.0"
      }
    },
    "node_modules/@graphql-tools/batch-delegate/node_modules/tslib": {
      "version": "2.4.0",
      "resolved": "https://registry.npmjs.org/tslib/-/tslib-2.4.0.tgz",
      "integrity": "sha512-d6xOpEDfsi2CZVlPQzGeux8XMwLT9hssAsaPYExaQMuYskwb+x1x7J371tWlbBdWHroy99KnVB6qIkUbs5X3UQ=="
    },
    "node_modules/@graphql-tools/batch-execute": {
      "version": "8.4.9",
      "resolved": "https://registry.npmjs.org/@graphql-tools/batch-execute/-/batch-execute-8.4.9.tgz",
      "integrity": "sha512-McfAPdxP4mRGqm+NKQ0AN8aZXG7AnCcKqQxu5k0RP8Llg/81rImHqgBPO8L8GUW8E0Sx+PzeXmipHjS0MceN2Q==",
      "dependencies": {
        "@graphql-tools/utils": "8.6.12",
        "dataloader": "2.1.0",
        "tslib": "~2.4.0",
        "value-or-promise": "1.0.11"
      },
      "peerDependencies": {
        "graphql": "^14.0.0 || ^15.0.0 || ^16.0.0 || ^17.0.0"
      }
    },
    "node_modules/@graphql-tools/batch-execute/node_modules/@graphql-tools/utils": {
      "version": "8.6.12",
      "resolved": "https://registry.npmjs.org/@graphql-tools/utils/-/utils-8.6.12.tgz",
      "integrity": "sha512-WQ91O40RC+UJgZ9K+IzevSf8oolR1QE+WQ21Oyc2fgDYYiqT0eSf+HVyhZr/8x9rVjn3N9HeqCsywbdmbljg0w==",
      "dependencies": {
        "tslib": "~2.4.0"
      },
      "peerDependencies": {
        "graphql": "^14.0.0 || ^15.0.0 || ^16.0.0 || ^17.0.0"
      }
    },
    "node_modules/@graphql-tools/batch-execute/node_modules/tslib": {
      "version": "2.4.0",
      "resolved": "https://registry.npmjs.org/tslib/-/tslib-2.4.0.tgz",
      "integrity": "sha512-d6xOpEDfsi2CZVlPQzGeux8XMwLT9hssAsaPYExaQMuYskwb+x1x7J371tWlbBdWHroy99KnVB6qIkUbs5X3UQ=="
    },
    "node_modules/@graphql-tools/delegate": {
      "version": "8.7.10",
      "resolved": "https://registry.npmjs.org/@graphql-tools/delegate/-/delegate-8.7.10.tgz",
      "integrity": "sha512-gzkXErvQEuCQF3Fn6ImADeuVHgiqIVE64Va4p3LMK2D/gDwwLeTVc7jY5rjd9oZwxz6JkVD77inbFjA/Nnqlxg==",
      "dependencies": {
        "@graphql-tools/batch-execute": "8.4.9",
        "@graphql-tools/schema": "8.3.13",
        "@graphql-tools/utils": "8.6.12",
        "dataloader": "2.1.0",
        "graphql-executor": "0.0.23",
        "tslib": "~2.4.0",
        "value-or-promise": "1.0.11"
      },
      "peerDependencies": {
        "graphql": "^14.0.0 || ^15.0.0 || ^16.0.0 || ^17.0.0"
      }
    },
    "node_modules/@graphql-tools/delegate/node_modules/@graphql-tools/merge": {
      "version": "8.2.13",
      "resolved": "https://registry.npmjs.org/@graphql-tools/merge/-/merge-8.2.13.tgz",
      "integrity": "sha512-lhzjCa6wCthOYl7B6UzER3SGjU2WjSGnW0WGr8giMYsrtf6G3vIRotMcSVMlhDzyyMIOn7uPULOUt3/kaJ/rIA==",
      "dependencies": {
        "@graphql-tools/utils": "8.6.12",
        "tslib": "~2.4.0"
      },
      "peerDependencies": {
        "graphql": "^14.0.0 || ^15.0.0 || ^16.0.0 || ^17.0.0"
      }
    },
    "node_modules/@graphql-tools/delegate/node_modules/@graphql-tools/schema": {
      "version": "8.3.13",
      "resolved": "https://registry.npmjs.org/@graphql-tools/schema/-/schema-8.3.13.tgz",
      "integrity": "sha512-e+bx1VHj1i5v4HmhCYCar0lqdoLmkRi/CfV07rTqHR6CRDbIb/S/qDCajHLt7FCovQ5ozlI5sRVbBhzfq5H0PQ==",
      "dependencies": {
        "@graphql-tools/merge": "8.2.13",
        "@graphql-tools/utils": "8.6.12",
        "tslib": "~2.4.0",
        "value-or-promise": "1.0.11"
      },
      "peerDependencies": {
        "graphql": "^14.0.0 || ^15.0.0 || ^16.0.0 || ^17.0.0"
      }
    },
    "node_modules/@graphql-tools/delegate/node_modules/@graphql-tools/utils": {
      "version": "8.6.12",
      "resolved": "https://registry.npmjs.org/@graphql-tools/utils/-/utils-8.6.12.tgz",
      "integrity": "sha512-WQ91O40RC+UJgZ9K+IzevSf8oolR1QE+WQ21Oyc2fgDYYiqT0eSf+HVyhZr/8x9rVjn3N9HeqCsywbdmbljg0w==",
      "dependencies": {
        "tslib": "~2.4.0"
      },
      "peerDependencies": {
        "graphql": "^14.0.0 || ^15.0.0 || ^16.0.0 || ^17.0.0"
      }
    },
    "node_modules/@graphql-tools/delegate/node_modules/tslib": {
      "version": "2.4.0",
      "resolved": "https://registry.npmjs.org/tslib/-/tslib-2.4.0.tgz",
      "integrity": "sha512-d6xOpEDfsi2CZVlPQzGeux8XMwLT9hssAsaPYExaQMuYskwb+x1x7J371tWlbBdWHroy99KnVB6qIkUbs5X3UQ=="
    },
    "node_modules/@graphql-tools/merge": {
      "version": "8.2.8",
      "resolved": "https://registry.npmjs.org/@graphql-tools/merge/-/merge-8.2.8.tgz",
      "integrity": "sha512-e4kpzgEIlA0sC0NjJlMwUL73Iz/HoP2OgAUReDDsupvWCqW3PMxjNoviS8xmcklVnv1w8Vmr8U2tao+x40ypLA==",
      "dependencies": {
        "@graphql-tools/utils": "8.6.7",
        "tslib": "~2.3.0"
      },
      "peerDependencies": {
        "graphql": "^14.0.0 || ^15.0.0 || ^16.0.0"
      }
    },
    "node_modules/@graphql-tools/schema": {
      "version": "8.3.8",
      "resolved": "https://registry.npmjs.org/@graphql-tools/schema/-/schema-8.3.8.tgz",
      "integrity": "sha512-Bba60ali4fLOKJz/Kk39RcBrDUBtu0Wy7pjpIOmFIKQKwUBNNB0eAmfpvrjnFhRAVdO2kOkPpc8DQY+SCG+lWw==",
      "dependencies": {
        "@graphql-tools/merge": "8.2.8",
        "@graphql-tools/utils": "8.6.7",
        "tslib": "~2.3.0",
        "value-or-promise": "1.0.11"
      },
      "peerDependencies": {
        "graphql": "^14.0.0 || ^15.0.0 || ^16.0.0"
      }
    },
    "node_modules/@graphql-tools/stitch": {
      "version": "8.6.12",
      "resolved": "https://registry.npmjs.org/@graphql-tools/stitch/-/stitch-8.6.12.tgz",
      "integrity": "sha512-pVphZg+t6XyIRxCnCCyn3qB20pS/6MrePRmRVdWJIETy7ylJ1utEpHp57fG3J5df5PgZbT+Srg+pVzJ8981kUw==",
      "dependencies": {
        "@graphql-tools/batch-delegate": "8.2.19",
        "@graphql-tools/delegate": "8.7.10",
        "@graphql-tools/merge": "8.2.13",
        "@graphql-tools/schema": "8.3.13",
        "@graphql-tools/utils": "8.6.12",
        "@graphql-tools/wrap": "8.4.19",
        "tslib": "~2.4.0",
        "value-or-promise": "^1.0.11"
      },
      "peerDependencies": {
        "graphql": "^14.0.0 || ^15.0.0 || ^16.0.0 || ^17.0.0"
      }
    },
    "node_modules/@graphql-tools/stitch/node_modules/@graphql-tools/merge": {
      "version": "8.2.13",
      "resolved": "https://registry.npmjs.org/@graphql-tools/merge/-/merge-8.2.13.tgz",
      "integrity": "sha512-lhzjCa6wCthOYl7B6UzER3SGjU2WjSGnW0WGr8giMYsrtf6G3vIRotMcSVMlhDzyyMIOn7uPULOUt3/kaJ/rIA==",
      "dependencies": {
        "@graphql-tools/utils": "8.6.12",
        "tslib": "~2.4.0"
      },
      "peerDependencies": {
        "graphql": "^14.0.0 || ^15.0.0 || ^16.0.0 || ^17.0.0"
      }
    },
    "node_modules/@graphql-tools/stitch/node_modules/@graphql-tools/schema": {
      "version": "8.3.13",
      "resolved": "https://registry.npmjs.org/@graphql-tools/schema/-/schema-8.3.13.tgz",
      "integrity": "sha512-e+bx1VHj1i5v4HmhCYCar0lqdoLmkRi/CfV07rTqHR6CRDbIb/S/qDCajHLt7FCovQ5ozlI5sRVbBhzfq5H0PQ==",
      "dependencies": {
        "@graphql-tools/merge": "8.2.13",
        "@graphql-tools/utils": "8.6.12",
        "tslib": "~2.4.0",
        "value-or-promise": "1.0.11"
      },
      "peerDependencies": {
        "graphql": "^14.0.0 || ^15.0.0 || ^16.0.0 || ^17.0.0"
      }
    },
    "node_modules/@graphql-tools/stitch/node_modules/@graphql-tools/utils": {
      "version": "8.6.12",
      "resolved": "https://registry.npmjs.org/@graphql-tools/utils/-/utils-8.6.12.tgz",
      "integrity": "sha512-WQ91O40RC+UJgZ9K+IzevSf8oolR1QE+WQ21Oyc2fgDYYiqT0eSf+HVyhZr/8x9rVjn3N9HeqCsywbdmbljg0w==",
      "dependencies": {
        "tslib": "~2.4.0"
      },
      "peerDependencies": {
        "graphql": "^14.0.0 || ^15.0.0 || ^16.0.0 || ^17.0.0"
      }
    },
    "node_modules/@graphql-tools/stitch/node_modules/tslib": {
      "version": "2.4.0",
      "resolved": "https://registry.npmjs.org/tslib/-/tslib-2.4.0.tgz",
      "integrity": "sha512-d6xOpEDfsi2CZVlPQzGeux8XMwLT9hssAsaPYExaQMuYskwb+x1x7J371tWlbBdWHroy99KnVB6qIkUbs5X3UQ=="
    },
    "node_modules/@graphql-tools/utils": {
      "version": "8.6.7",
      "resolved": "https://registry.npmjs.org/@graphql-tools/utils/-/utils-8.6.7.tgz",
      "integrity": "sha512-Qi3EN95Rt3hb8CyDKpPKFWOPrnc00P18cpVTXEgtKxetSP39beJBeEEtLB0R53eP/6IolsyTZOTgkET1EaERaw==",
      "dependencies": {
        "tslib": "~2.3.0"
      },
      "peerDependencies": {
        "graphql": "^14.0.0 || ^15.0.0 || ^16.0.0"
      }
    },
    "node_modules/@graphql-tools/wrap": {
      "version": "8.4.19",
      "resolved": "https://registry.npmjs.org/@graphql-tools/wrap/-/wrap-8.4.19.tgz",
      "integrity": "sha512-S+1zh+9+4MK3HSQMPjwerLybMtD8LCfte/wsZK4JgYhls2INrLJZEMquMxhQTma4jkKBL48GZtESIP0hFTP4Ow==",
      "dependencies": {
        "@graphql-tools/delegate": "8.7.10",
        "@graphql-tools/schema": "8.3.13",
        "@graphql-tools/utils": "8.6.12",
        "tslib": "~2.4.0",
        "value-or-promise": "1.0.11"
      },
      "peerDependencies": {
        "graphql": "^14.0.0 || ^15.0.0 || ^16.0.0 || ^17.0.0"
      }
    },
    "node_modules/@graphql-tools/wrap/node_modules/@graphql-tools/merge": {
      "version": "8.2.13",
      "resolved": "https://registry.npmjs.org/@graphql-tools/merge/-/merge-8.2.13.tgz",
      "integrity": "sha512-lhzjCa6wCthOYl7B6UzER3SGjU2WjSGnW0WGr8giMYsrtf6G3vIRotMcSVMlhDzyyMIOn7uPULOUt3/kaJ/rIA==",
      "dependencies": {
        "@graphql-tools/utils": "8.6.12",
        "tslib": "~2.4.0"
      },
      "peerDependencies": {
        "graphql": "^14.0.0 || ^15.0.0 || ^16.0.0 || ^17.0.0"
      }
    },
    "node_modules/@graphql-tools/wrap/node_modules/@graphql-tools/schema": {
      "version": "8.3.13",
      "resolved": "https://registry.npmjs.org/@graphql-tools/schema/-/schema-8.3.13.tgz",
      "integrity": "sha512-e+bx1VHj1i5v4HmhCYCar0lqdoLmkRi/CfV07rTqHR6CRDbIb/S/qDCajHLt7FCovQ5ozlI5sRVbBhzfq5H0PQ==",
      "dependencies": {
        "@graphql-tools/merge": "8.2.13",
        "@graphql-tools/utils": "8.6.12",
        "tslib": "~2.4.0",
        "value-or-promise": "1.0.11"
      },
      "peerDependencies": {
        "graphql": "^14.0.0 || ^15.0.0 || ^16.0.0 || ^17.0.0"
      }
    },
    "node_modules/@graphql-tools/wrap/node_modules/@graphql-tools/utils": {
      "version": "8.6.12",
      "resolved": "https://registry.npmjs.org/@graphql-tools/utils/-/utils-8.6.12.tgz",
      "integrity": "sha512-WQ91O40RC+UJgZ9K+IzevSf8oolR1QE+WQ21Oyc2fgDYYiqT0eSf+HVyhZr/8x9rVjn3N9HeqCsywbdmbljg0w==",
      "dependencies": {
        "tslib": "~2.4.0"
      },
      "peerDependencies": {
        "graphql": "^14.0.0 || ^15.0.0 || ^16.0.0 || ^17.0.0"
      }
    },
    "node_modules/@graphql-tools/wrap/node_modules/tslib": {
      "version": "2.4.0",
      "resolved": "https://registry.npmjs.org/tslib/-/tslib-2.4.0.tgz",
      "integrity": "sha512-d6xOpEDfsi2CZVlPQzGeux8XMwLT9hssAsaPYExaQMuYskwb+x1x7J371tWlbBdWHroy99KnVB6qIkUbs5X3UQ=="
    },
    "node_modules/dataloader": {
      "version": "2.1.0",
      "resolved": "https://registry.npmjs.org/dataloader/-/dataloader-2.1.0.tgz",
      "integrity": "sha512-qTcEYLen3r7ojZNgVUaRggOI+KM7jrKxXeSHhogh/TWxYMeONEMqY+hmkobiYQozsGIyg9OYVzO4ZIfoB4I0pQ=="
    },
    "node_modules/graphql": {
      "version": "15.0.0",
      "resolved": "https://registry.npmjs.org/graphql/-/graphql-15.0.0.tgz",
      "integrity": "sha512-ZyVO1xIF9F+4cxfkdhOJINM+51B06Friuv4M66W7HzUOeFd+vNzUn4vtswYINPi6sysjf1M2Ri/rwZALqgwbaQ==",
      "engines": {
        "node": ">= 10.x"
      }
    },
    "node_modules/graphql-executor": {
      "version": "0.0.23",
      "resolved": "https://registry.npmjs.org/graphql-executor/-/graphql-executor-0.0.23.tgz",
      "integrity": "sha512-3Ivlyfjaw3BWmGtUSnMpP/a4dcXCp0mJtj0PiPG14OKUizaMKlSEX+LX2Qed0LrxwniIwvU6B4w/koVjEPyWJg==",
      "engines": {
        "node": "^12.22.0 || ^14.16.0 || >=16.0.0"
      },
      "peerDependencies": {
        "graphql": "^15.0.0 || ^16.0.0"
      }
    },
    "node_modules/main-app": {
      "resolved": "apps/main-app",
      "link": true
    },
    "node_modules/package-a": {
      "resolved": "apps/package-a",
      "link": true
    },
    "node_modules/package-b": {
      "resolved": "apps/package-b",
      "link": true
    },
    "node_modules/tslib": {
      "version": "2.3.1",
      "resolved": "https://registry.npmjs.org/tslib/-/tslib-2.3.1.tgz",
      "integrity": "sha512-77EbyPPpMz+FRFRuAFlWMtmgUWGe9UOG2Z25NqCwiIjRhOf5iKGuzSe5P2w1laq+FkRy4p+PCuVkJSGkzTEKVw=="
    },
    "node_modules/value-or-promise": {
      "version": "1.0.11",
      "resolved": "https://registry.npmjs.org/value-or-promise/-/value-or-promise-1.0.11.tgz",
      "integrity": "sha512-41BrgH+dIbCFXClcSapVs5M6GkENd3gQOJpEfPDNa71LsUGMXDL0jMWpI/Rh7WhX+Aalfz2TTS3Zt5pUsbnhLg==",
      "engines": {
        "node": ">=12"
      }
    }
  },
  "dependencies": {
    "@graphql-tools/batch-delegate": {
      "version": "8.2.19",
      "resolved": "https://registry.npmjs.org/@graphql-tools/batch-delegate/-/batch-delegate-8.2.19.tgz",
      "integrity": "sha512-4SgVQSMNtV2RVaA+5tpc+khTC4JX9ZRBRGv8pjihW7KsoU7u7LqZyuJLiLW6mCOZjUvZFVtdOoMDgGmepm6VlA==",
      "requires": {
        "@graphql-tools/delegate": "8.7.10",
        "@graphql-tools/utils": "8.6.12",
        "dataloader": "2.1.0",
        "tslib": "~2.4.0"
      },
      "dependencies": {
        "@graphql-tools/utils": {
          "version": "8.6.12",
          "resolved": "https://registry.npmjs.org/@graphql-tools/utils/-/utils-8.6.12.tgz",
          "integrity": "sha512-WQ91O40RC+UJgZ9K+IzevSf8oolR1QE+WQ21Oyc2fgDYYiqT0eSf+HVyhZr/8x9rVjn3N9HeqCsywbdmbljg0w==",
          "requires": {
            "tslib": "~2.4.0"
          }
        },
        "tslib": {
          "version": "2.4.0",
          "resolved": "https://registry.npmjs.org/tslib/-/tslib-2.4.0.tgz",
          "integrity": "sha512-d6xOpEDfsi2CZVlPQzGeux8XMwLT9hssAsaPYExaQMuYskwb+x1x7J371tWlbBdWHroy99KnVB6qIkUbs5X3UQ=="
        }
      }
    },
    "@graphql-tools/batch-execute": {
      "version": "8.4.9",
      "resolved": "https://registry.npmjs.org/@graphql-tools/batch-execute/-/batch-execute-8.4.9.tgz",
      "integrity": "sha512-McfAPdxP4mRGqm+NKQ0AN8aZXG7AnCcKqQxu5k0RP8Llg/81rImHqgBPO8L8GUW8E0Sx+PzeXmipHjS0MceN2Q==",
      "requires": {
        "@graphql-tools/utils": "8.6.12",
        "dataloader": "2.1.0",
        "tslib": "~2.4.0",
        "value-or-promise": "1.0.11"
      },
      "dependencies": {
        "@graphql-tools/utils": {
          "version": "8.6.12",
          "resolved": "https://registry.npmjs.org/@graphql-tools/utils/-/utils-8.6.12.tgz",
          "integrity": "sha512-WQ91O40RC+UJgZ9K+IzevSf8oolR1QE+WQ21Oyc2fgDYYiqT0eSf+HVyhZr/8x9rVjn3N9HeqCsywbdmbljg0w==",
          "requires": {
            "tslib": "~2.4.0"
          }
        },
        "tslib": {
          "version": "2.4.0",
          "resolved": "https://registry.npmjs.org/tslib/-/tslib-2.4.0.tgz",
          "integrity": "sha512-d6xOpEDfsi2CZVlPQzGeux8XMwLT9hssAsaPYExaQMuYskwb+x1x7J371tWlbBdWHroy99KnVB6qIkUbs5X3UQ=="
        }
      }
    },
    "@graphql-tools/delegate": {
      "version": "8.7.10",
      "resolved": "https://registry.npmjs.org/@graphql-tools/delegate/-/delegate-8.7.10.tgz",
      "integrity": "sha512-gzkXErvQEuCQF3Fn6ImADeuVHgiqIVE64Va4p3LMK2D/gDwwLeTVc7jY5rjd9oZwxz6JkVD77inbFjA/Nnqlxg==",
      "requires": {
        "@graphql-tools/batch-execute": "8.4.9",
        "@graphql-tools/schema": "8.3.13",
        "@graphql-tools/utils": "8.6.12",
        "dataloader": "2.1.0",
        "graphql-executor": "0.0.23",
        "tslib": "~2.4.0",
        "value-or-promise": "1.0.11"
      },
      "dependencies": {
        "@graphql-tools/merge": {
          "version": "8.2.13",
          "resolved": "https://registry.npmjs.org/@graphql-tools/merge/-/merge-8.2.13.tgz",
          "integrity": "sha512-lhzjCa6wCthOYl7B6UzER3SGjU2WjSGnW0WGr8giMYsrtf6G3vIRotMcSVMlhDzyyMIOn7uPULOUt3/kaJ/rIA==",
          "requires": {
            "@graphql-tools/utils": "8.6.12",
            "tslib": "~2.4.0"
          }
        },
        "@graphql-tools/schema": {
          "version": "8.3.13",
          "resolved": "https://registry.npmjs.org/@graphql-tools/schema/-/schema-8.3.13.tgz",
          "integrity": "sha512-e+bx1VHj1i5v4HmhCYCar0lqdoLmkRi/CfV07rTqHR6CRDbIb/S/qDCajHLt7FCovQ5ozlI5sRVbBhzfq5H0PQ==",
          "requires": {
            "@graphql-tools/merge": "8.2.13",
            "@graphql-tools/utils": "8.6.12",
            "tslib": "~2.4.0",
            "value-or-promise": "1.0.11"
          }
        },
        "@graphql-tools/utils": {
          "version": "8.6.12",
          "resolved": "https://registry.npmjs.org/@graphql-tools/utils/-/utils-8.6.12.tgz",
          "integrity": "sha512-WQ91O40RC+UJgZ9K+IzevSf8oolR1QE+WQ21Oyc2fgDYYiqT0eSf+HVyhZr/8x9rVjn3N9HeqCsywbdmbljg0w==",
          "requires": {
            "tslib": "~2.4.0"
          }
        },
        "tslib": {
          "version": "2.4.0",
          "resolved": "https://registry.npmjs.org/tslib/-/tslib-2.4.0.tgz",
          "integrity": "sha512-d6xOpEDfsi2CZVlPQzGeux8XMwLT9hssAsaPYExaQMuYskwb+x1x7J371tWlbBdWHroy99KnVB6qIkUbs5X3UQ=="
        }
      }
    },
    "@graphql-tools/merge": {
      "version": "8.2.8",
      "resolved": "https://registry.npmjs.org/@graphql-tools/merge/-/merge-8.2.8.tgz",
      "integrity": "sha512-e4kpzgEIlA0sC0NjJlMwUL73Iz/HoP2OgAUReDDsupvWCqW3PMxjNoviS8xmcklVnv1w8Vmr8U2tao+x40ypLA==",
      "requires": {
        "@graphql-tools/utils": "8.6.7",
        "tslib": "~2.3.0"
      }
    },
    "@graphql-tools/schema": {
      "version": "8.3.8",
      "resolved": "https://registry.npmjs.org/@graphql-tools/schema/-/schema-8.3.8.tgz",
      "integrity": "sha512-Bba60ali4fLOKJz/Kk39RcBrDUBtu0Wy7pjpIOmFIKQKwUBNNB0eAmfpvrjnFhRAVdO2kOkPpc8DQY+SCG+lWw==",
      "requires": {
        "@graphql-tools/merge": "8.2.8",
        "@graphql-tools/utils": "8.6.7",
        "tslib": "~2.3.0",
        "value-or-promise": "1.0.11"
      }
    },
    "@graphql-tools/stitch": {
      "version": "8.6.12",
      "resolved": "https://registry.npmjs.org/@graphql-tools/stitch/-/stitch-8.6.12.tgz",
      "integrity": "sha512-pVphZg+t6XyIRxCnCCyn3qB20pS/6MrePRmRVdWJIETy7ylJ1utEpHp57fG3J5df5PgZbT+Srg+pVzJ8981kUw==",
      "requires": {
        "@graphql-tools/batch-delegate": "8.2.19",
        "@graphql-tools/delegate": "8.7.10",
        "@graphql-tools/merge": "8.2.13",
        "@graphql-tools/schema": "8.3.13",
        "@graphql-tools/utils": "8.6.12",
        "@graphql-tools/wrap": "8.4.19",
        "tslib": "~2.4.0",
        "value-or-promise": "^1.0.11"
      },
      "dependencies": {
        "@graphql-tools/merge": {
          "version": "8.2.13",
          "resolved": "https://registry.npmjs.org/@graphql-tools/merge/-/merge-8.2.13.tgz",
          "integrity": "sha512-lhzjCa6wCthOYl7B6UzER3SGjU2WjSGnW0WGr8giMYsrtf6G3vIRotMcSVMlhDzyyMIOn7uPULOUt3/kaJ/rIA==",
          "requires": {
            "@graphql-tools/utils": "8.6.12",
            "tslib": "~2.4.0"
          }
        },
        "@graphql-tools/schema": {
          "version": "8.3.13",
          "resolved": "https://registry.npmjs.org/@graphql-tools/schema/-/schema-8.3.13.tgz",
          "integrity": "sha512-e+bx1VHj1i5v4HmhCYCar0lqdoLmkRi/CfV07rTqHR6CRDbIb/S/qDCajHLt7FCovQ5ozlI5sRVbBhzfq5H0PQ==",
          "requires": {
            "@graphql-tools/merge": "8.2.13",
            "@graphql-tools/utils": "8.6.12",
            "tslib": "~2.4.0",
            "value-or-promise": "1.0.11"
          }
        },
        "@graphql-tools/utils": {
          "version": "8.6.12",
          "resolved": "https://registry.npmjs.org/@graphql-tools/utils/-/utils-8.6.12.tgz",
          "integrity": "sha512-WQ91O40RC+UJgZ9K+IzevSf8oolR1QE+WQ21Oyc2fgDYYiqT0eSf+HVyhZr/8x9rVjn3N9HeqCsywbdmbljg0w==",
          "requires": {
            "tslib": "~2.4.0"
          }
        },
        "tslib": {
          "version": "2.4.0",
          "resolved": "https://registry.npmjs.org/tslib/-/tslib-2.4.0.tgz",
          "integrity": "sha512-d6xOpEDfsi2CZVlPQzGeux8XMwLT9hssAsaPYExaQMuYskwb+x1x7J371tWlbBdWHroy99KnVB6qIkUbs5X3UQ=="
        }
      }
    },
    "@graphql-tools/utils": {
      "version": "8.6.7",
      "resolved": "https://registry.npmjs.org/@graphql-tools/utils/-/utils-8.6.7.tgz",
      "integrity": "sha512-Qi3EN95Rt3hb8CyDKpPKFWOPrnc00P18cpVTXEgtKxetSP39beJBeEEtLB0R53eP/6IolsyTZOTgkET1EaERaw==",
      "requires": {
        "tslib": "~2.3.0"
      }
    },
    "@graphql-tools/wrap": {
      "version": "8.4.19",
      "resolved": "https://registry.npmjs.org/@graphql-tools/wrap/-/wrap-8.4.19.tgz",
      "integrity": "sha512-S+1zh+9+4MK3HSQMPjwerLybMtD8LCfte/wsZK4JgYhls2INrLJZEMquMxhQTma4jkKBL48GZtESIP0hFTP4Ow==",
      "requires": {
        "@graphql-tools/delegate": "8.7.10",
        "@graphql-tools/schema": "8.3.13",
        "@graphql-tools/utils": "8.6.12",
        "tslib": "~2.4.0",
        "value-or-promise": "1.0.11"
      },
      "dependencies": {
        "@graphql-tools/merge": {
          "version": "8.2.13",
          "resolved": "https://registry.npmjs.org/@graphql-tools/merge/-/merge-8.2.13.tgz",
          "integrity": "sha512-lhzjCa6wCthOYl7B6UzER3SGjU2WjSGnW0WGr8giMYsrtf6G3vIRotMcSVMlhDzyyMIOn7uPULOUt3/kaJ/rIA==",
          "requires": {
            "@graphql-tools/utils": "8.6.12",
            "tslib": "~2.4.0"
          }
        },
        "@graphql-tools/schema": {
          "version": "8.3.13",
          "resolved": "https://registry.npmjs.org/@graphql-tools/schema/-/schema-8.3.13.tgz",
          "integrity": "sha512-e+bx1VHj1i5v4HmhCYCar0lqdoLmkRi/CfV07rTqHR6CRDbIb/S/qDCajHLt7FCovQ5ozlI5sRVbBhzfq5H0PQ==",
          "requires": {
            "@graphql-tools/merge": "8.2.13",
            "@graphql-tools/utils": "8.6.12",
            "tslib": "~2.4.0",
            "value-or-promise": "1.0.11"
          }
        },
        "@graphql-tools/utils": {
          "version": "8.6.12",
          "resolved": "https://registry.npmjs.org/@graphql-tools/utils/-/utils-8.6.12.tgz",
          "integrity": "sha512-WQ91O40RC+UJgZ9K+IzevSf8oolR1QE+WQ21Oyc2fgDYYiqT0eSf+HVyhZr/8x9rVjn3N9HeqCsywbdmbljg0w==",
          "requires": {
            "tslib": "~2.4.0"
          }
        },
        "tslib": {
          "version": "2.4.0",
          "resolved": "https://registry.npmjs.org/tslib/-/tslib-2.4.0.tgz",
          "integrity": "sha512-d6xOpEDfsi2CZVlPQzGeux8XMwLT9hssAsaPYExaQMuYskwb+x1x7J371tWlbBdWHroy99KnVB6qIkUbs5X3UQ=="
        }
      }
    },
    "dataloader": {
      "version": "2.1.0",
      "resolved": "https://registry.npmjs.org/dataloader/-/dataloader-2.1.0.tgz",
      "integrity": "sha512-qTcEYLen3r7ojZNgVUaRggOI+KM7jrKxXeSHhogh/TWxYMeONEMqY+hmkobiYQozsGIyg9OYVzO4ZIfoB4I0pQ=="
    },
    "graphql": {
      "version": "15.0.0",
      "resolved": "https://registry.npmjs.org/graphql/-/graphql-15.0.0.tgz",
      "integrity": "sha512-ZyVO1xIF9F+4cxfkdhOJINM+51B06Friuv4M66W7HzUOeFd+vNzUn4vtswYINPi6sysjf1M2Ri/rwZALqgwbaQ=="
    },
    "graphql-executor": {
      "version": "0.0.23",
      "resolved": "https://registry.npmjs.org/graphql-executor/-/graphql-executor-0.0.23.tgz",
      "integrity": "sha512-3Ivlyfjaw3BWmGtUSnMpP/a4dcXCp0mJtj0PiPG14OKUizaMKlSEX+LX2Qed0LrxwniIwvU6B4w/koVjEPyWJg==",
      "requires": {}
    },
    "main-app": {
      "version": "file:apps/main-app",
      "requires": {
        "graphql": "15.0.0",
        "package-a": "file:../package-a",
        "package-b": "file:../package-b"
      }
    },
    "package-a": {
      "version": "file:apps/package-a",
      "requires": {
        "@graphql-tools/schema": "8.3.8",
        "@graphql-tools/stitch": "8.6.12",
        "graphql": "16.5.0"
      },
      "dependencies": {
        "graphql": {
          "version": "16.5.0",
          "resolved": "https://registry.npmjs.org/graphql/-/graphql-16.5.0.tgz",
          "integrity": "sha512-qbHgh8Ix+j/qY+a/ZcJnFQ+j8ezakqPiHwPiZhV/3PgGlgf96QMBB5/f2rkiC9sgLoy/xvT6TSiaf2nTHJh5iA=="
        }
      }
    },
    "package-b": {
      "version": "file:apps/package-b",
      "requires": {
        "graphql": "15.0.0"
      }
    },
    "tslib": {
      "version": "2.3.1",
      "resolved": "https://registry.npmjs.org/tslib/-/tslib-2.3.1.tgz",
      "integrity": "sha512-77EbyPPpMz+FRFRuAFlWMtmgUWGe9UOG2Z25NqCwiIjRhOf5iKGuzSe5P2w1laq+FkRy4p+PCuVkJSGkzTEKVw=="
    },
    "value-or-promise": {
      "version": "1.0.11",
      "resolved": "https://registry.npmjs.org/value-or-promise/-/value-or-promise-1.0.11.tgz",
      "integrity": "sha512-41BrgH+dIbCFXClcSapVs5M6GkENd3gQOJpEfPDNa71LsUGMXDL0jMWpI/Rh7WhX+Aalfz2TTS3Zt5pUsbnhLg=="
    }
  }
}
